
Microsoft Visual Studio Solution File, Format Version 12.00
# Visual Studio Version 17
VisualStudioVersion = 17.4.33213.308
MinimumVisualStudioVersion = 10.0.40219.1
Project("{8BC9CEB8-8B4A-11D0-8D11-00A0C91BC942}") = "Platform", "Platform\Platform.vcxproj", "{62C118D1-1955-4944-AD69-9EA8F91CFEDB}"
EndProject
Project("{8BC9CEB8-8B4A-11D0-8D11-00A0C91BC942}") = "ConsoleAppLuncher", "CosnoleAppLancher\CosnoleAppLancher.vcxproj", "{99FC404B-438D-4D69-8C8A-5CCF9C7D5433}"
	ProjectSection(ProjectDependencies) = postProject
		{1E03DD7A-96F3-4553-B68A-8813B9090CB7} = {1E03DD7A-96F3-4553-B68A-8813B9090CB7}
		{61CBCEC0-702F-459D-833D-E2F68D4217B7} = {61CBCEC0-702F-459D-833D-E2F68D4217B7}
		{62C118D1-1955-4944-AD69-9EA8F91CFEDB} = {62C118D1-1955-4944-AD69-9EA8F91CFEDB}
		{78E10E75-8CC5-4484-AD03-195D0C354D64} = {78E10E75-8CC5-4484-AD03-195D0C354D64}
		{96FB9504-1B06-4B3F-95EE-1D52532111DC} = {96FB9504-1B06-4B3F-95EE-1D52532111DC}
		{CB011C5E-1B52-44B2-8EB9-8D5DE5A32A8F} = {CB011C5E-1B52-44B2-8EB9-8D5DE5A32A8F}
	EndProjectSection
EndProject
Project("{2150E333-8FDC-42A3-9474-1A3956D46DE8}") = "Common", "Common", "{F420D857-A54F-427A-AEA9-8144C381B050}"
	ProjectSection(SolutionItems) = preProject
		Common\Common.h = Common\Common.h
	EndProjectSection
EndProject
Project("{8BC9CEB8-8B4A-11D0-8D11-00A0C91BC942}") = "ScreenDelta", "ScreenDelta\ScreenDelta.vcxproj", "{61CBCEC0-702F-459D-833D-E2F68D4217B7}"
	ProjectSection(ProjectDependencies) = postProject
		{62C118D1-1955-4944-AD69-9EA8F91CFEDB} = {62C118D1-1955-4944-AD69-9EA8F91CFEDB}
		{CB011C5E-1B52-44B2-8EB9-8D5DE5A32A8F} = {CB011C5E-1B52-44B2-8EB9-8D5DE5A32A8F}
	EndProjectSection
EndProject
Project("{8BC9CEB8-8B4A-11D0-8D11-00A0C91BC942}") = "Helpers", "Helpers\Helpers.vcxproj", "{CB011C5E-1B52-44B2-8EB9-8D5DE5A32A8F}"
EndProject
Project("{2150E333-8FDC-42A3-9474-1A3956D46DE8}") = "Solution Items", "Solution Items", "{807AF912-984A-4EEC-8BCF-8840C0B29522}"
EndProject
Project("{8BC9CEB8-8B4A-11D0-8D11-00A0C91BC942}") = "TestScreenDelta", "TestScreenDelta\TestScreenDelta.vcxproj", "{78E10E75-8CC5-4484-AD03-195D0C354D64}"
	ProjectSection(ProjectDependencies) = postProject
		{61CBCEC0-702F-459D-833D-E2F68D4217B7} = {61CBCEC0-702F-459D-833D-E2F68D4217B7}
		{62C118D1-1955-4944-AD69-9EA8F91CFEDB} = {62C118D1-1955-4944-AD69-9EA8F91CFEDB}
		{CB011C5E-1B52-44B2-8EB9-8D5DE5A32A8F} = {CB011C5E-1B52-44B2-8EB9-8D5DE5A32A8F}
	EndProjectSection
EndProject
Project("{FAE04EC0-301F-11D3-BF4B-00C04F79EFBC}") = "URemoteControlGUI", "URemoteControlGUI\URemoteControlGUI.csproj", "{DD25AAFD-6CA5-468B-A94E-DAE2CD596480}"
EndProject
Project("{FAE04EC0-301F-11D3-BF4B-00C04F79EFBC}") = "URemoteControlWindowsService", "URemoteControlService\URemoteControlWindowsService.csproj", "{957E1B27-8646-49D8-AC39-FC0CB117E769}"
EndProject
Project("{D954291E-2A0B-460D-934E-DC6B0785DB48}") = "CSCommon", "Common\c#\Common\CSCommon.shproj", "{26FFF285-256D-4990-9917-2E6721AFA609}"
EndProject
Project("{8BC9CEB8-8B4A-11D0-8D11-00A0C91BC942}") = "ControlledApp", "ControlledApp\ControlledApp.vcxproj", "{1E03DD7A-96F3-4553-B68A-8813B9090CB7}"
	ProjectSection(ProjectDependencies) = postProject
		{61CBCEC0-702F-459D-833D-E2F68D4217B7} = {61CBCEC0-702F-459D-833D-E2F68D4217B7}
		{62C118D1-1955-4944-AD69-9EA8F91CFEDB} = {62C118D1-1955-4944-AD69-9EA8F91CFEDB}
		{CB011C5E-1B52-44B2-8EB9-8D5DE5A32A8F} = {CB011C5E-1B52-44B2-8EB9-8D5DE5A32A8F}
	EndProjectSection
EndProject
Project("{8BC9CEB8-8B4A-11D0-8D11-00A0C91BC942}") = "ControllerApp", "ControllerApp\ControlerApp.vcxproj", "{96FB9504-1B06-4B3F-95EE-1D52532111DC}"
	ProjectSection(ProjectDependencies) = postProject
		{61CBCEC0-702F-459D-833D-E2F68D4217B7} = {61CBCEC0-702F-459D-833D-E2F68D4217B7}
		{62C118D1-1955-4944-AD69-9EA8F91CFEDB} = {62C118D1-1955-4944-AD69-9EA8F91CFEDB}
		{CB011C5E-1B52-44B2-8EB9-8D5DE5A32A8F} = {CB011C5E-1B52-44B2-8EB9-8D5DE5A32A8F}
	EndProjectSection
EndProject
Global
	GlobalSection(SolutionConfigurationPlatforms) = preSolution
		Debug|Any CPU = Debug|Any CPU
		Debug|x64 = Debug|x64
		Debug|x86 = Debug|x86
		Release|Any CPU = Release|Any CPU
		Release|x64 = Release|x64
		Release|x86 = Release|x86
	EndGlobalSection
	GlobalSection(ProjectConfigurationPlatforms) = postSolution
		{62C118D1-1955-4944-AD69-9EA8F91CFEDB}.Debug|Any CPU.ActiveCfg = Debug|x64
		{62C118D1-1955-4944-AD69-9EA8F91CFEDB}.Debug|Any CPU.Build.0 = Debug|x64
		{62C118D1-1955-4944-AD69-9EA8F91CFEDB}.Debug|x64.ActiveCfg = Debug|x64
		{62C118D1-1955-4944-AD69-9EA8F91CFEDB}.Debug|x64.Build.0 = Debug|x64
		{62C118D1-1955-4944-AD69-9EA8F91CFEDB}.Debug|x86.ActiveCfg = Debug|Win32
		{62C118D1-1955-4944-AD69-9EA8F91CFEDB}.Debug|x86.Build.0 = Debug|Win32
		{62C118D1-1955-4944-AD69-9EA8F91CFEDB}.Release|Any CPU.ActiveCfg = Release|x64
		{62C118D1-1955-4944-AD69-9EA8F91CFEDB}.Release|Any CPU.Build.0 = Release|x64
		{62C118D1-1955-4944-AD69-9EA8F91CFEDB}.Release|x64.ActiveCfg = Release|x64
		{62C118D1-1955-4944-AD69-9EA8F91CFEDB}.Release|x64.Build.0 = Release|x64
		{62C118D1-1955-4944-AD69-9EA8F91CFEDB}.Release|x86.ActiveCfg = Release|Win32
		{62C118D1-1955-4944-AD69-9EA8F91CFEDB}.Release|x86.Build.0 = Release|Win32
		{99FC404B-438D-4D69-8C8A-5CCF9C7D5433}.Debug|Any CPU.ActiveCfg = Debug|x64
		{99FC404B-438D-4D69-8C8A-5CCF9C7D5433}.Debug|Any CPU.Build.0 = Debug|x64
		{99FC404B-438D-4D69-8C8A-5CCF9C7D5433}.Debug|x64.ActiveCfg = Debug|x64
		{99FC404B-438D-4D69-8C8A-5CCF9C7D5433}.Debug|x64.Build.0 = Debug|x64
		{99FC404B-438D-4D69-8C8A-5CCF9C7D5433}.Debug|x86.ActiveCfg = Debug|Win32
		{99FC404B-438D-4D69-8C8A-5CCF9C7D5433}.Debug|x86.Build.0 = Debug|Win32
		{99FC404B-438D-4D69-8C8A-5CCF9C7D5433}.Release|Any CPU.ActiveCfg = Release|x64
		{99FC404B-438D-4D69-8C8A-5CCF9C7D5433}.Release|Any CPU.Build.0 = Release|x64
		{99FC404B-438D-4D69-8C8A-5CCF9C7D5433}.Release|x64.ActiveCfg = Release|x64
		{99FC404B-438D-4D69-8C8A-5CCF9C7D5433}.Release|x64.Build.0 = Release|x64
		{99FC404B-438D-4D69-8C8A-5CCF9C7D5433}.Release|x86.ActiveCfg = Release|Win32
		{99FC404B-438D-4D69-8C8A-5CCF9C7D5433}.Release|x86.Build.0 = Release|Win32
		{61CBCEC0-702F-459D-833D-E2F68D4217B7}.Debug|Any CPU.ActiveCfg = Debug|x64
		{61CBCEC0-702F-459D-833D-E2F68D4217B7}.Debug|Any CPU.Build.0 = Debug|x64
		{61CBCEC0-702F-459D-833D-E2F68D4217B7}.Debug|x64.ActiveCfg = Debug|x64
		{61CBCEC0-702F-459D-833D-E2F68D4217B7}.Debug|x64.Build.0 = Debug|x64
		{61CBCEC0-702F-459D-833D-E2F68D4217B7}.Debug|x86.ActiveCfg = Debug|Win32
		{61CBCEC0-702F-459D-833D-E2F68D4217B7}.Debug|x86.Build.0 = Debug|Win32
		{61CBCEC0-702F-459D-833D-E2F68D4217B7}.Release|Any CPU.ActiveCfg = Release|x64
		{61CBCEC0-702F-459D-833D-E2F68D4217B7}.Release|Any CPU.Build.0 = Release|x64
		{61CBCEC0-702F-459D-833D-E2F68D4217B7}.Release|x64.ActiveCfg = Release|x64
		{61CBCEC0-702F-459D-833D-E2F68D4217B7}.Release|x64.Build.0 = Release|x64
		{61CBCEC0-702F-459D-833D-E2F68D4217B7}.Release|x86.ActiveCfg = Release|Win32
		{61CBCEC0-702F-459D-833D-E2F68D4217B7}.Release|x86.Build.0 = Release|Win32
		{CB011C5E-1B52-44B2-8EB9-8D5DE5A32A8F}.Debug|Any CPU.ActiveCfg = Debug|x64
		{CB011C5E-1B52-44B2-8EB9-8D5DE5A32A8F}.Debug|Any CPU.Build.0 = Debug|x64
		{CB011C5E-1B52-44B2-8EB9-8D5DE5A32A8F}.Debug|x64.ActiveCfg = Debug|x64
		{CB011C5E-1B52-44B2-8EB9-8D5DE5A32A8F}.Debug|x64.Build.0 = Debug|x64
		{CB011C5E-1B52-44B2-8EB9-8D5DE5A32A8F}.Debug|x86.ActiveCfg = Debug|Win32
		{CB011C5E-1B52-44B2-8EB9-8D5DE5A32A8F}.Debug|x86.Build.0 = Debug|Win32
		{CB011C5E-1B52-44B2-8EB9-8D5DE5A32A8F}.Release|Any CPU.ActiveCfg = Release|x64
		{CB011C5E-1B52-44B2-8EB9-8D5DE5A32A8F}.Release|Any CPU.Build.0 = Release|x64
		{CB011C5E-1B52-44B2-8EB9-8D5DE5A32A8F}.Release|x64.ActiveCfg = Release|x64
		{CB011C5E-1B52-44B2-8EB9-8D5DE5A32A8F}.Release|x64.Build.0 = Release|x64
		{CB011C5E-1B52-44B2-8EB9-8D5DE5A32A8F}.Release|x86.ActiveCfg = Release|Win32
		{CB011C5E-1B52-44B2-8EB9-8D5DE5A32A8F}.Release|x86.Build.0 = Release|Win32
		{78E10E75-8CC5-4484-AD03-195D0C354D64}.Debug|Any CPU.ActiveCfg = Debug|x64
		{78E10E75-8CC5-4484-AD03-195D0C354D64}.Debug|Any CPU.Build.0 = Debug|x64
		{78E10E75-8CC5-4484-AD03-195D0C354D64}.Debug|x64.ActiveCfg = Debug|x64
		{78E10E75-8CC5-4484-AD03-195D0C354D64}.Debug|x64.Build.0 = Debug|x64
		{78E10E75-8CC5-4484-AD03-195D0C354D64}.Debug|x86.ActiveCfg = Debug|Win32
		{78E10E75-8CC5-4484-AD03-195D0C354D64}.Debug|x86.Build.0 = Debug|Win32
		{78E10E75-8CC5-4484-AD03-195D0C354D64}.Release|Any CPU.ActiveCfg = Release|x64
		{78E10E75-8CC5-4484-AD03-195D0C354D64}.Release|Any CPU.Build.0 = Release|x64
		{78E10E75-8CC5-4484-AD03-195D0C354D64}.Release|x64.ActiveCfg = Release|x64
		{78E10E75-8CC5-4484-AD03-195D0C354D64}.Release|x64.Build.0 = Release|x64
		{78E10E75-8CC5-4484-AD03-195D0C354D64}.Release|x86.ActiveCfg = Release|Win32
		{78E10E75-8CC5-4484-AD03-195D0C354D64}.Release|x86.Build.0 = Release|Win32
		{DD25AAFD-6CA5-468B-A94E-DAE2CD596480}.Debug|Any CPU.ActiveCfg = Debug|Any CPU
		{DD25AAFD-6CA5-468B-A94E-DAE2CD596480}.Debug|Any CPU.Build.0 = Debug|Any CPU
		{DD25AAFD-6CA5-468B-A94E-DAE2CD596480}.Debug|x64.ActiveCfg = Debug|Any CPU
		{DD25AAFD-6CA5-468B-A94E-DAE2CD596480}.Debug|x64.Build.0 = Debug|Any CPU
		{DD25AAFD-6CA5-468B-A94E-DAE2CD596480}.Debug|x86.ActiveCfg = Debug|Any CPU
		{DD25AAFD-6CA5-468B-A94E-DAE2CD596480}.Debug|x86.Build.0 = Debug|Any CPU
		{DD25AAFD-6CA5-468B-A94E-DAE2CD596480}.Release|Any CPU.ActiveCfg = Release|Any CPU
		{DD25AAFD-6CA5-468B-A94E-DAE2CD596480}.Release|Any CPU.Build.0 = Release|Any CPU
		{DD25AAFD-6CA5-468B-A94E-DAE2CD596480}.Release|x64.ActiveCfg = Release|Any CPU
		{DD25AAFD-6CA5-468B-A94E-DAE2CD596480}.Release|x64.Build.0 = Release|Any CPU
		{DD25AAFD-6CA5-468B-A94E-DAE2CD596480}.Release|x86.ActiveCfg = Release|Any CPU
		{DD25AAFD-6CA5-468B-A94E-DAE2CD596480}.Release|x86.Build.0 = Release|Any CPU
		{957E1B27-8646-49D8-AC39-FC0CB117E769}.Debug|Any CPU.ActiveCfg = Debug|Any CPU
		{957E1B27-8646-49D8-AC39-FC0CB117E769}.Debug|Any CPU.Build.0 = Debug|Any CPU
		{957E1B27-8646-49D8-AC39-FC0CB117E769}.Debug|x64.ActiveCfg = Debug|Any CPU
		{957E1B27-8646-49D8-AC39-FC0CB117E769}.Debug|x64.Build.0 = Debug|Any CPU
		{957E1B27-8646-49D8-AC39-FC0CB117E769}.Debug|x86.ActiveCfg = Debug|Any CPU
		{957E1B27-8646-49D8-AC39-FC0CB117E769}.Debug|x86.Build.0 = Debug|Any CPU
		{957E1B27-8646-49D8-AC39-FC0CB117E769}.Release|Any CPU.ActiveCfg = Release|Any CPU
		{957E1B27-8646-49D8-AC39-FC0CB117E769}.Release|Any CPU.Build.0 = Release|Any CPU
		{957E1B27-8646-49D8-AC39-FC0CB117E769}.Release|x64.ActiveCfg = Release|Any CPU
		{957E1B27-8646-49D8-AC39-FC0CB117E769}.Release|x64.Build.0 = Release|Any CPU
		{957E1B27-8646-49D8-AC39-FC0CB117E769}.Release|x86.ActiveCfg = Release|Any CPU
		{957E1B27-8646-49D8-AC39-FC0CB117E769}.Release|x86.Build.0 = Release|Any CPU
		{1E03DD7A-96F3-4553-B68A-8813B9090CB7}.Debug|Any CPU.ActiveCfg = Debug|x64
		{1E03DD7A-96F3-4553-B68A-8813B9090CB7}.Debug|Any CPU.Build.0 = Debug|x64
		{1E03DD7A-96F3-4553-B68A-8813B9090CB7}.Debug|x64.ActiveCfg = Debug|x64
		{1E03DD7A-96F3-4553-B68A-8813B9090CB7}.Debug|x64.Build.0 = Debug|x64
		{1E03DD7A-96F3-4553-B68A-8813B9090CB7}.Debug|x86.ActiveCfg = Debug|Win32
		{1E03DD7A-96F3-4553-B68A-8813B9090CB7}.Debug|x86.Build.0 = Debug|Win32
		{1E03DD7A-96F3-4553-B68A-8813B9090CB7}.Release|Any CPU.ActiveCfg = Release|x64
		{1E03DD7A-96F3-4553-B68A-8813B9090CB7}.Release|Any CPU.Build.0 = Release|x64
		{1E03DD7A-96F3-4553-B68A-8813B9090CB7}.Release|x64.ActiveCfg = Release|x64
		{1E03DD7A-96F3-4553-B68A-8813B9090CB7}.Release|x64.Build.0 = Release|x64
		{1E03DD7A-96F3-4553-B68A-8813B9090CB7}.Release|x86.ActiveCfg = Release|Win32
		{1E03DD7A-96F3-4553-B68A-8813B9090CB7}.Release|x86.Build.0 = Release|Win32
		{96FB9504-1B06-4B3F-95EE-1D52532111DC}.Debug|Any CPU.ActiveCfg = Debug|x64
		{96FB9504-1B06-4B3F-95EE-1D52532111DC}.Debug|Any CPU.Build.0 = Debug|x64
		{96FB9504-1B06-4B3F-95EE-1D52532111DC}.Debug|x64.ActiveCfg = Debug|x64
		{96FB9504-1B06-4B3F-95EE-1D52532111DC}.Debug|x64.Build.0 = Debug|x64
		{96FB9504-1B06-4B3F-95EE-1D52532111DC}.Debug|x86.ActiveCfg = Debug|Win32
		{96FB9504-1B06-4B3F-95EE-1D52532111DC}.Debug|x86.Build.0 = Debug|Win32
		{96FB9504-1B06-4B3F-95EE-1D52532111DC}.Release|Any CPU.ActiveCfg = Release|x64
		{96FB9504-1B06-4B3F-95EE-1D52532111DC}.Release|Any CPU.Build.0 = Release|x64
		{96FB9504-1B06-4B3F-95EE-1D52532111DC}.Release|x64.ActiveCfg = Release|x64
		{96FB9504-1B06-4B3F-95EE-1D52532111DC}.Release|x64.Build.0 = Release|x64
		{96FB9504-1B06-4B3F-95EE-1D52532111DC}.Release|x86.ActiveCfg = Release|Win32
		{96FB9504-1B06-4B3F-95EE-1D52532111DC}.Release|x86.Build.0 = Release|Win32
	EndGlobalSection
	GlobalSection(SolutionProperties) = preSolution
		HideSolutionNode = FALSE
	EndGlobalSection
	GlobalSection(ExtensibilityGlobals) = postSolution
		SolutionGuid = {40CA1807-3450-4EE5-BDDD-8F0B433A33E6}
	EndGlobalSection
	GlobalSection(SharedMSBuildProjectFiles) = preSolution
		Common\c#\Common\Common.projitems*{26fff285-256d-4990-9917-2e6721afa609}*SharedItemsImports = 13
		Common\c#\Common\Common.projitems*{957e1b27-8646-49d8-ac39-fc0cb117e769}*SharedItemsImports = 4
		Common\c#\Common\Common.projitems*{dd25aafd-6ca5-468b-a94e-dae2cd596480}*SharedItemsImports = 4
	EndGlobalSection
EndGlobal
