<?xml version="1.0" encoding="utf-8"?>
<Project ToolsVersion="4.0" xmlns="http://schemas.microsoft.com/developer/msbuild/2003">
  <ItemGroup>
    <Filter Include="Source Files">
      <UniqueIdentifier>{4FC737F1-C7A5-4376-A066-2A32D752A2FF}</UniqueIdentifier>
      <Extensions>cpp;c;cc;cxx;c++;cppm;ixx;def;odl;idl;hpj;bat;asm;asmx</Extensions>
    </Filter>
    <Filter Include="Header Files">
      <UniqueIdentifier>{93995380-89BD-4b04-88EB-625FBE52EBFB}</UniqueIdentifier>
      <Extensions>h;hh;hpp;hxx;h++;hm;inl;inc;ipp;xsd</Extensions>
    </Filter>
    <Filter Include="Resource Files">
      <UniqueIdentifier>{67DA6AB6-F800-4c08-8B7A-83BB121AAD01}</UniqueIdentifier>
      <Extensions>rc;ico;cur;bmp;dlg;rc2;rct;bin;rgs;gif;jpg;jpeg;jpe;resx;tiff;tif;png;wav;mfcribbon-ms</Extensions>
    </Filter>
    <Filter Include="Source Files\windows">
      <UniqueIdentifier>{e049b8be-6973-4ee6-8869-6634dc6cc3e2}</UniqueIdentifier>
    </Filter>
  </ItemGroup>
  <ItemGroup>
    <ClInclude Include="include\processes.h">
      <Filter>Header Files</Filter>
    </ClInclude>
    <ClInclude Include="include\entry_point.h">
      <Filter>Header Files</Filter>
    </ClInclude>
    <ClInclude Include="include\error.h">
      <Filter>Header Files</Filter>
    </ClInclude>
    <ClInclude Include="include\network.h">
      <Filter>Header Files</Filter>
    </ClInclude>
    <ClInclude Include="include\threads.h">
      <Filter>Header Files</Filter>
    </ClInclude>
    <ClInclude Include="include\window.h">
      <Filter>Header Files</Filter>
    </ClInclude>
    <ClInclude Include="include\event_loop.h">
      <Filter>Header Files</Filter>
    </ClInclude>
    <ClInclude Include="include\platform_config.h">
      <Filter>Header Files</Filter>
    </ClInclude>
    <ClInclude Include="include\platform.h">
      <Filter>Header Files</Filter>
    </ClInclude>
    <ClInclude Include="include\input.h">
      <Filter>Header Files</Filter>
    </ClInclude>
    <ClInclude Include="include\console.h">
      <Filter>Header Files</Filter>
    </ClInclude>
    <ClInclude Include="include\timer.h">
      <Filter>Header Files</Filter>
    </ClInclude>
    <ClInclude Include="read_ini.h">
      <Filter>Header Files</Filter>
    </ClInclude>
    <ClInclude Include="app_instances.h">
      <Filter>Header Files</Filter>
    </ClInclude>
    <ClInclude Include="include\app_instances.h">
      <Filter>Header Files</Filter>
    </ClInclude>
    <ClInclude Include="include\monitors.h">
      <Filter>Header Files</Filter>
    </ClInclude>
    <ClInclude Include="platfrom_memory_utils.h">
      <Filter>Header Files</Filter>
    </ClInclude>
  </ItemGroup>
  <ItemGroup>
    <ClCompile Include="src\windows\processes.c">
      <Filter>Source Files\windows</Filter>
    </ClCompile>
    <ClCompile Include="src\windows\error.c">
      <Filter>Source Files\windows</Filter>
    </ClCompile>
    <ClCompile Include="windows\entry_point.c">
      <Filter>Source Files\windows</Filter>
    </ClCompile>
    <ClCompile Include="src\windows\network.c">
      <Filter>Source Files\windows</Filter>
    </ClCompile>
    <ClCompile Include="src\windows\threads.c">
      <Filter>Source Files\windows</Filter>
    </ClCompile>
    <ClCompile Include="src\windows\window.c">
      <Filter>Source Files\windows</Filter>
    </ClCompile>
    <ClCompile Include="src\windows\event_loop.c">
      <Filter>Source Files\windows</Filter>
    </ClCompile>
    <ClCompile Include="src\windows\platform_config.c">
      <Filter>Source Files\windows</Filter>
    </ClCompile>
    <ClCompile Include="include\platform.c">
      <Filter>Source Files\windows</Filter>
    </ClCompile>
    <ClCompile Include="src\windows\input.c">
      <Filter>Source Files\windows</Filter>
    </ClCompile>
    <ClCompile Include="src\windows\console.c">
      <Filter>Source Files\windows</Filter>
    </ClCompile>
    <ClCompile Include="src\windows\timer.c">
      <Filter>Source Files\windows</Filter>
    </ClCompile>
    <ClCompile Include="src\windows\read_ini.c">
      <Filter>Source Files\windows</Filter>
    </ClCompile>
    <ClCompile Include="src\windows\monitors.c">
      <Filter>Source Files\windows</Filter>
    </ClCompile>
    <ClCompile Include="src\windows\app_instances.c">
      <Filter>Source Files\windows</Filter>
    </ClCompile>
    <ClCompile Include="src\platfrom_memory_utils.c">
      <Filter>Source Files</Filter>
    </ClCompile>
  </ItemGroup>
</Project>