<?xml version="1.0" encoding="utf-8"?>
<Project ToolsVersion="4.0" xmlns="http://schemas.microsoft.com/developer/msbuild/2003">
  <ItemGroup>
    <Filter Include="Source Files">
      <UniqueIdentifier>{4FC737F1-C7A5-4376-A066-2A32D752A2FF}</UniqueIdentifier>
      <Extensions>cpp;c;cc;cxx;c++;cppm;ixx;def;odl;idl;hpj;bat;asm;asmx</Extensions>
    </Filter>
    <Filter Include="Header Files">
      <UniqueIdentifier>{93995380-89BD-4b04-88EB-625FBE52EBFB}</UniqueIdentifier>
      <Extensions>h;hh;hpp;hxx;h++;hm;inl;inc;ipp;xsd</Extensions>
    </Filter>
    <Filter Include="Resource Files">
      <UniqueIdentifier>{67DA6AB6-F800-4c08-8B7A-83BB121AAD01}</UniqueIdentifier>
      <Extensions>rc;ico;cur;bmp;dlg;rc2;rct;bin;rgs;gif;jpg;jpeg;jpe;resx;tiff;tif;png;wav;mfcribbon-ms</Extensions>
    </Filter>
    <Filter Include="Header Files\windows">
      <UniqueIdentifier>{855586be-ae1f-4392-b6da-09d6d6cffb08}</UniqueIdentifier>
    </Filter>
    <Filter Include="Source Files\windows">
      <UniqueIdentifier>{1c342993-533c-4383-86a1-a49492c7e757}</UniqueIdentifier>
    </Filter>
  </ItemGroup>
  <ItemGroup>
    <ClInclude Include="include\screen_delta.h">
      <Filter>Header Files</Filter>
    </ClInclude>
    <ClInclude Include="include\delta_struct.h">
      <Filter>Header Files</Filter>
    </ClInclude>
    <ClInclude Include="include\screen_delta_procs.h">
      <Filter>Header Files</Filter>
    </ClInclude>
    <ClInclude Include="include\windows\capture_screen.h">
      <Filter>Header Files\windows</Filter>
    </ClInclude>
    <ClInclude Include="include\delta_finder.h">
      <Filter>Header Files</Filter>
    </ClInclude>
    <ClInclude Include="include\windows\monitor_info.h">
      <Filter>Header Files\windows</Filter>
    </ClInclude>
  </ItemGroup>
  <ItemGroup>
    <ClCompile Include="src\screen_delta.c">
      <Filter>Source Files</Filter>
    </ClCompile>
    <ClCompile Include="src\delta_struct.c">
      <Filter>Source Files</Filter>
    </ClCompile>
    <ClCompile Include="src\windows\capture_screen.c">
      <Filter>Source Files\windows</Filter>
    </ClCompile>
    <ClCompile Include="src\windows\delta_finder.c">
      <Filter>Source Files\windows</Filter>
    </ClCompile>
  </ItemGroup>
</Project>